Microsoft Visual Studio Solution File, Format Version 12.00
# Visual Studio 2012
Project("{FAE04EC0-301F-11D3-BF4B-00C04F79EFBC}") = "Tarot Card Game", "Tarot Card Game.csproj", "{66FA1950-1EC7-4B67-B08E-84A670888F85}"
EndProject
Global
	GlobalSection(SolutionConfigurationPlatforms) = preSolution
	Debug|Any CPU = Debug|Any CPU
	ExportDebug|Any CPU = ExportDebug|Any CPU
	ExportRelease|Any CPU = ExportRelease|Any CPU
	EndGlobalSection
	GlobalSection(ProjectConfigurationPlatforms) = postSolution
		{66FA1950-1EC7-4B67-B08E-84A670888F85}.Debug|Any CPU.ActiveCfg = Debug|Any CPU
		{66FA1950-1EC7-4B67-B08E-84A670888F85}.Debug|Any CPU.Build.0 = Debug|Any CPU
		{66FA1950-1EC7-4B67-B08E-84A670888F85}.ExportDebug|Any CPU.ActiveCfg = ExportDebug|Any CPU
		{66FA1950-1EC7-4B67-B08E-84A670888F85}.ExportDebug|Any CPU.Build.0 = ExportDebug|Any CPU
		{66FA1950-1EC7-4B67-B08E-84A670888F85}.ExportRelease|Any CPU.ActiveCfg = ExportRelease|Any CPU
		{66FA1950-1EC7-4B67-B08E-84A670888F85}.ExportRelease|Any CPU.Build.0 = ExportRelease|Any CPU
	EndGlobalSection
EndGlobal
